{
  "name": "js",
  "version": "1.0.0",
  "lockfileVersion": 2,
  "requires": true,
  "packages": {
    "": {
      "name": "js",
      "version": "1.0.0",
      "license": "ISC",
      "dependencies": {
        "expess": "^0.0.1-security",
        "readline-sync": "^1.4.10"
      },
      "devDependencies": {}
    },
    "node_modules/expess": {
      "version": "0.0.1-security",
      "resolved": "https://registry.npmjs.org/expess/-/expess-0.0.1-security.tgz",
      "integrity": "sha512-UgnpgjCF7WMTdWyLWzivOSkeQ4utbiv25q0cof6UIcI3K83fHcrjlvvRuK60BAxhP/i3BpVvfQffiOWr7M1zHQ=="
    },
    "node_modules/readline-sync": {
      "version": "1.4.10",
      "resolved": "https://registry.npmjs.org/readline-sync/-/readline-sync-1.4.10.tgz",
      "integrity": "sha512-gNva8/6UAe8QYepIQH/jQ2qn91Qj0B9sYjMBBs3QOB8F2CXcKgLxQaJRP76sWVRQt+QU+8fAkCbCvjjMFu7Ycw==",
      "engines": {
        "node": ">= 0.8.0"
      }
    }
  },
  "dependencies": {
    "expess": {
      "version": "0.0.1-security",
      "resolved": "https://registry.npmjs.org/expess/-/expess-0.0.1-security.tgz",
      "integrity": "sha512-UgnpgjCF7WMTdWyLWzivOSkeQ4utbiv25q0cof6UIcI3K83fHcrjlvvRuK60BAxhP/i3BpVvfQffiOWr7M1zHQ=="
    },
    "readline-sync": {
      "version": "1.4.10",
      "resolved": "https://registry.npmjs.org/readline-sync/-/readline-sync-1.4.10.tgz",
      "integrity": "sha512-gNva8/6UAe8QYepIQH/jQ2qn91Qj0B9sYjMBBs3QOB8F2CXcKgLxQaJRP76sWVRQt+QU+8fAkCbCvjjMFu7Ycw=="
    }
  }
}
